
Microsoft Visual Studio Solution File, Format Version 12.00
# Visual Studio Version 17
VisualStudioVersion = 17.14.36705.20
MinimumVisualStudioVersion = 10.0.40219.1
Project("{FAE04EC0-301F-11D3-BF4B-00C04F79EFBC}") = "SimCorp.Sample.Entities", "SimCorp.Sample.Entities\SimCorp.Sample.Entities.csproj", "{4BE1A9D2-4F58-42D8-88A9-97901BCD351A}"
EndProject
Project("{FAE04EC0-301F-11D3-BF4B-00C04F79EFBC}") = "SimCorp.Sample.Entities.Tests", "SimCorp.Sample.Entities.Tests\SimCorp.Sample.Entities.Tests.csproj", "{520EBFFF-92A9-4A88-9DC8-505F86BEB067}"
EndProject
Project("{FAE04EC0-301F-11D3-BF4B-00C04F79EFBC}") = "SimCorp.Sample.Solution", "SimCorp.Sample.Solution\SimCorp.Sample.Solution.csproj", "{A6726DA0-020A-C23A-815E-D3D27E24E2C9}"
EndProject
Project("{FAE04EC0-301F-11D3-BF4B-00C04F79EFBC}") = "SimCorp.Sample.Solution.Tests", "SimCorp.Sample.Solution.Tests\SimCorp.Sample.Solution.Tests.csproj", "{473EABFC-6FFC-4E01-BBE5-D2F8AF504146}"
EndProject
Global
	GlobalSection(SolutionConfigurationPlatforms) = preSolution
		Debug|Any CPU = Debug|Any CPU
		Release|Any CPU = Release|Any CPU
	EndGlobalSection
	GlobalSection(ProjectConfigurationPlatforms) = postSolution
		{4BE1A9D2-4F58-42D8-88A9-97901BCD351A}.Debug|Any CPU.ActiveCfg = Debug|Any CPU
		{4BE1A9D2-4F58-42D8-88A9-97901BCD351A}.Debug|Any CPU.Build.0 = Debug|Any CPU
		{4BE1A9D2-4F58-42D8-88A9-97901BCD351A}.Release|Any CPU.ActiveCfg = Release|Any CPU
		{4BE1A9D2-4F58-42D8-88A9-97901BCD351A}.Release|Any CPU.Build.0 = Release|Any CPU
		{520EBFFF-92A9-4A88-9DC8-505F86BEB067}.Debug|Any CPU.ActiveCfg = Debug|Any CPU
		{520EBFFF-92A9-4A88-9DC8-505F86BEB067}.Debug|Any CPU.Build.0 = Debug|Any CPU
		{520EBFFF-92A9-4A88-9DC8-505F86BEB067}.Release|Any CPU.ActiveCfg = Release|Any CPU
		{520EBFFF-92A9-4A88-9DC8-505F86BEB067}.Release|Any CPU.Build.0 = Release|Any CPU
		{A6726DA0-020A-C23A-815E-D3D27E24E2C9}.Debug|Any CPU.ActiveCfg = Debug|Any CPU
		{A6726DA0-020A-C23A-815E-D3D27E24E2C9}.Debug|Any CPU.Build.0 = Debug|Any CPU
		{A6726DA0-020A-C23A-815E-D3D27E24E2C9}.Release|Any CPU.ActiveCfg = Release|Any CPU
		{A6726DA0-020A-C23A-815E-D3D27E24E2C9}.Release|Any CPU.Build.0 = Release|Any CPU
		{473EABFC-6FFC-4E01-BBE5-D2F8AF504146}.Debug|Any CPU.ActiveCfg = Debug|Any CPU
		{473EABFC-6FFC-4E01-BBE5-D2F8AF504146}.Debug|Any CPU.Build.0 = Debug|Any CPU
		{473EABFC-6FFC-4E01-BBE5-D2F8AF504146}.Release|Any CPU.ActiveCfg = Release|Any CPU
		{473EABFC-6FFC-4E01-BBE5-D2F8AF504146}.Release|Any CPU.Build.0 = Release|Any CPU
	EndGlobalSection
	GlobalSection(SolutionProperties) = preSolution
		HideSolutionNode = FALSE
	EndGlobalSection
	GlobalSection(ExtensibilityGlobals) = postSolution
		SolutionGuid = {8D77A783-9220-48DC-A192-851615AA8851}
	EndGlobalSection
EndGlobal
